// !$*UTF8*$!
{
	archiveVersion = 1;
	classes = {
	};
	objectVersion = 46;
	objects = {

/* Begin PBXBuildFile section */
		944CF0AD146F00B500BE15BE /* UIKit.framework in Frameworks */ = {isa = PBXBuildFile; fileRef = 944CF0AC146F00B500BE15BE /* UIKit.framework */; };
		944CF0AF146F00B500BE15BE /* Foundation.framework in Frameworks */ = {isa = PBXBuildFile; fileRef = 944CF0AE146F00B500BE15BE /* Foundation.framework */; };
		944CF0B1146F00B500BE15BE /* CoreGraphics.framework in Frameworks */ = {isa = PBXBuildFile; fileRef = 944CF0B0146F00B500BE15BE /* CoreGraphics.framework */; };
		944CF0B7146F00B500BE15BE /* InfoPlist.strings in Resources */ = {isa = PBXBuildFile; fileRef = 944CF0B5146F00B500BE15BE /* InfoPlist.strings */; };
		944CF0B9146F00B500BE15BE /* main.m in Sources */ = {isa = PBXBuildFile; fileRef = 944CF0B8146F00B500BE15BE /* main.m */; };
		944CF0BD146F00B500BE15BE /* AppDelegate.m in Sources */ = {isa = PBXBuildFile; fileRef = 944CF0BC146F00B500BE15BE /* AppDelegate.m */; };
		944CF0C0146F00B500BE15BE /* ViewController.m in Sources */ = {isa = PBXBuildFile; fileRef = 944CF0BF146F00B500BE15BE /* ViewController.m */; };
		944CF0C3146F00B500BE15BE /* ViewController.xib in Resources */ = {isa = PBXBuildFile; fileRef = 944CF0C1146F00B500BE15BE /* ViewController.xib */; };
		944CF0CE146F232900BE15BE /* CalculatorBrain.m in Sources */ = {isa = PBXBuildFile; fileRef = 944CF0CD146F232900BE15BE /* CalculatorBrain.m */; };
/* End PBXBuildFile section */

/* Begin PBXFileReference section */
		944CF0A8146F00B500BE15BE /* Calculator.app */ = {isa = PBXFileReference; explicitFileType = wrapper.application; includeInIndex = 0; path = Calculator.app; sourceTree = BUILT_PRODUCTS_DIR; };
		944CF0AC146F00B500BE15BE /* UIKit.framework */ = {isa = PBXFileReference; lastKnownFileType = wrapper.framework; name = UIKit.framework; path = System/Library/Frameworks/UIKit.framework; sourceTree = SDKROOT; };
		944CF0AE146F00B500BE15BE /* Foundation.framework */ = {isa = PBXFileReference; lastKnownFileType = wrapper.framework; name = Foundation.framework; path = System/Library/Frameworks/Foundation.framework; sourceTree = SDKROOT; };
		944CF0B0146F00B500BE15BE /* CoreGraphics.framework */ = {isa = PBXFileReference; lastKnownFileType = wrapper.framework; name = CoreGraphics.framework; path = System/Library/Frameworks/CoreGraphics.framework; sourceTree = SDKROOT; };
		944CF0B4146F00B500BE15BE /* Calculator-Info.plist */ = {isa = PBXFileReference; lastKnownFileType = text.plist.xml; path = "Calculator-Info.plist"; sourceTree = "<group>"; };
		944CF0B6146F00B500BE15BE /* en */ = {isa = PBXFileReference; lastKnownFileType = text.plist.strings; name = en; path = en.lproj/InfoPlist.strings; sourceTree = "<group>"; };
		944CF0B8146F00B500BE15BE /* main.m */ = {isa = PBXFileReference; lastKnownFileType = sourcecode.c.objc; path = main.m; sourceTree = "<group>"; };
		944CF0BA146F00B500BE15BE /* Calculator-Prefix.pch */ = {isa = PBXFileReference; lastKnownFileType = sourcecode.c.h; path = "Calculator-Prefix.pch"; sourceTree = "<group>"; };
		944CF0BB146F00B500BE15BE /* AppDelegate.h */ = {isa = PBXFileReference; lastKnownFileType = sourcecode.c.h; path = AppDelegate.h; sourceTree = "<group>"; };
		944CF0BC146F00B500BE15BE /* AppDelegate.m */ = {isa = PBXFileReference; lastKnownFileType = sourcecode.c.objc; path = AppDelegate.m; sourceTree = "<group>"; };
		944CF0BE146F00B500BE15BE /* ViewController.h */ = {isa = PBXFileReference; lastKnownFileType = sourcecode.c.h; path = ViewController.h; sourceTree = "<group>"; };
		944CF0BF146F00B500BE15BE /* ViewController.m */ = {isa = PBXFileReference; lastKnownFileType = sourcecode.c.objc; path = ViewController.m; sourceTree = "<group>"; };
		944CF0C2146F00B500BE15BE /* en */ = {isa = PBXFileReference; lastKnownFileType = file.xib; name = en; path = en.lproj/ViewController.xib; sourceTree = "<group>"; };
		944CF0CC146F232900BE15BE /* CalculatorBrain.h */ = {isa = PBXFileReference; fileEncoding = 4; lastKnownFileType = sourcecode.c.h; path = CalculatorBrain.h; sourceTree = SOURCE_ROOT; };
		944CF0CD146F232900BE15BE /* CalculatorBrain.m */ = {isa = PBXFileReference; fileEncoding = 4; lastKnownFileType = sourcecode.c.objc; path = CalculatorBrain.m; sourceTree = SOURCE_ROOT; };
/* End PBXFileReference section */

/* Begin PBXFrameworksBuildPhase section */
		944CF0A5146F00B500BE15BE /* Frameworks */ = {
			isa = PBXFrameworksBuildPhase;
			buildActionMask = 2147483647;
			files = (
				944CF0AD146F00B500BE15BE /* UIKit.framework in Frameworks */,
				944CF0AF146F00B500BE15BE /* Foundation.framework in Frameworks */,
				944CF0B1146F00B500BE15BE /* CoreGraphics.framework in Frameworks */,
			);
			runOnlyForDeploymentPostprocessing = 0;
		};
/* End PBXFrameworksBuildPhase section */

/* Begin PBXGroup section */
		944CF09D146F00B400BE15BE = {
			isa = PBXGroup;
			children = (
				944CF0B2146F00B500BE15BE /* Calculator */,
				944CF0AB146F00B500BE15BE /* Frameworks */,
				944CF0A9146F00B500BE15BE /* Products */,
			);
			sourceTree = "<group>";
		};
		944CF0A9146F00B500BE15BE /* Products */ = {
			isa = PBXGroup;
			children = (
				944CF0A8146F00B500BE15BE /* Calculator.app */,
			);
			name = Products;
			sourceTree = "<group>";
		};
		944CF0AB146F00B500BE15BE /* Frameworks */ = {
			isa = PBXGroup;
			children = (
				944CF0AC146F00B500BE15BE /* UIKit.framework */,
				944CF0AE146F00B500BE15BE /* Foundation.framework */,
				944CF0B0146F00B500BE15BE /* CoreGraphics.framework */,
			);
			name = Frameworks;
			sourceTree = "<group>";
		};
		944CF0B2146F00B500BE15BE /* Calculator */ = {
			isa = PBXGroup;
			children = (
				944CF0CC146F232900BE15BE /* CalculatorBrain.h */,
				944CF0CD146F232900BE15BE /* CalculatorBrain.m */,
				944CF0BB146F00B500BE15BE /* AppDelegate.h */,
				944CF0BC146F00B500BE15BE /* AppDelegate.m */,
				944CF0BE146F00B500BE15BE /* ViewController.h */,
				944CF0BF146F00B500BE15BE /* ViewController.m */,
				944CF0C1146F00B500BE15BE /* ViewController.xib */,
				944CF0B3146F00B500BE15BE /* Supporting Files */,
			);
			path = Calculator;
			sourceTree = "<group>";
		};
		944CF0B3146F00B500BE15BE /* Supporting Files */ = {
			isa = PBXGroup;
			children = (
				944CF0B4146F00B500BE15BE /* Calculator-Info.plist */,
				944CF0B5146F00B500BE15BE /* InfoPlist.strings */,
				944CF0B8146F00B500BE15BE /* main.m */,
				944CF0BA146F00B500BE15BE /* Calculator-Prefix.pch */,
			);
			name = "Supporting Files";
			sourceTree = "<group>";
		};
/* End PBXGroup section */

/* Begin PBXNativeTarget section */
		944CF0A7146F00B500BE15BE /* Calculator */ = {
			isa = PBXNativeTarget;
			buildConfigurationList = 944CF0C6146F00B500BE15BE /* Build configuration list for PBXNativeTarget "Calculator" */;
			buildPhases = (
				944CF0A4146F00B500BE15BE /* Sources */,
				944CF0A5146F00B500BE15BE /* Frameworks */,
				944CF0A6146F00B500BE15BE /* Resources */,
			);
			buildRules = (
			);
			dependencies = (
			);
			name = Calculator;
			productName = Calculator;
			productReference = 944CF0A8146F00B500BE15BE /* Calculator.app */;
			productType = "com.apple.product-type.application";
		};
/* End PBXNativeTarget section */

/* Begin PBXProject section */
		944CF09F146F00B400BE15BE /* Project object */ = {
			isa = PBXProject;
			attributes = {
				LastUpgradeCheck = 0420;
				ORGANIZATIONNAME = Home;
			};
			buildConfigurationList = 944CF0A2146F00B500BE15BE /* Build configuration list for PBXProject "Calculator" */;
			compatibilityVersion = "Xcode 3.2";
			developmentRegion = English;
			hasScannedForEncodings = 0;
			knownRegions = (
				en,
			);
			mainGroup = 944CF09D146F00B400BE15BE;
			productRefGroup = 944CF0A9146F00B500BE15BE /* Products */;
			projectDirPath = "";
			projectRoot = "";
			targets = (
				944CF0A7146F00B500BE15BE /* Calculator */,
			);
		};
/* End PBXProject section */

/* Begin PBXResourcesBuildPhase section */
		944CF0A6146F00B500BE15BE /* Resources */ = {
			isa = PBXResourcesBuildPhase;
			buildActionMask = 2147483647;
			files = (
				944CF0B7146F00B500BE15BE /* InfoPlist.strings in Resources */,
				944CF0C3146F00B500BE15BE /* ViewController.xib in Resources */,
			);
			runOnlyForDeploymentPostprocessing = 0;
		};
/* End PBXResourcesBuildPhase section */

/* Begin PBXSourcesBuildPhase section */
		944CF0A4146F00B500BE15BE /* Sources */ = {
			isa = PBXSourcesBuildPhase;
			buildActionMask = 2147483647;
			files = (
				944CF0B9146F00B500BE15BE /* main.m in Sources */,
				944CF0BD146F00B500BE15BE /* AppDelegate.m in Sources */,
				944CF0C0146F00B500BE15BE /* ViewController.m in Sources */,
				944CF0CE146F232900BE15BE /* CalculatorBrain.m in Sources */,
			);
			runOnlyForDeploymentPostprocessing = 0;
		};
/* End PBXSourcesBuildPhase section */

/* Begin PBXVariantGroup section */
		944CF0B5146F00B500BE15BE /* InfoPlist.strings */ = {
			isa = PBXVariantGroup;
			children = (
				944CF0B6146F00B500BE15BE /* en */,
			);
			name = InfoPlist.strings;
			sourceTree = "<group>";
		};
		944CF0C1146F00B500BE15BE /* ViewController.xib */ = {
			isa = PBXVariantGroup;
			children = (
				944CF0C2146F00B500BE15BE /* en */,
			);
			name = ViewController.xib;
			sourceTree = "<group>";
		};
/* End PBXVariantGroup section */

/* Begin XCBuildConfiguration section */
		944CF0C4146F00B500BE15BE /* Debug */ = {
			isa = XCBuildConfiguration;
			buildSettings = {
				ALWAYS_SEARCH_USER_PATHS = NO;
				ARCHS = "$(ARCHS_STANDARD_32_BIT)";
				CLANG_ENABLE_OBJC_ARC = YES;
				"CODE_SIGN_IDENTITY[sdk=iphoneos*]" = "iPhone Developer";
				COPY_PHASE_STRIP = NO;
				GCC_C_LANGUAGE_STANDARD = gnu99;
				GCC_DYNAMIC_NO_PIC = NO;
				GCC_OPTIMIZATION_LEVEL = 0;
				GCC_PREPROCESSOR_DEFINITIONS = (
					"DEBUG=1",
					"$(inherited)",
				);
				GCC_SYMBOLS_PRIVATE_EXTERN = NO;
				GCC_VERSION = com.apple.compilers.llvm.clang.1_0;
				GCC_WARN_ABOUT_MISSING_PROTOTYPES = YES;
				GCC_WARN_ABOUT_RETURN_TYPE = YES;
				GCC_WARN_UNUSED_VARIABLE = YES;
				IPHONEOS_DEPLOYMENT_TARGET = 5.0;
				SDKROOT = iphoneos;
			};
			name = Debug;
		};
		944CF0C5146F00B500BE15BE /* Release */ = {
			isa = XCBuildConfiguration;
			buildSettings = {
				ALWAYS_SEARCH_USER_PATHS = NO;
				ARCHS = "$(ARCHS_STANDARD_32_BIT)";
				CLANG_ENABLE_OBJC_ARC = YES;
				"CODE_SIGN_IDENTITY[sdk=iphoneos*]" = "iPhone Developer";
				COPY_PHASE_STRIP = YES;
				GCC_C_LANGUAGE_STANDARD = gnu99;
				GCC_VERSION = com.apple.compilers.llvm.clang.1_0;
				GCC_WARN_ABOUT_MISSING_PROTOTYPES = YES;
				GCC_WARN_ABOUT_RETURN_TYPE = YES;
				GCC_WARN_UNUSED_VARIABLE = YES;
				IPHONEOS_DEPLOYMENT_TARGET = 5.0;
				OTHER_CFLAGS = "-DNS_BLOCK_ASSERTIONS=1";
				SDKROOT = iphoneos;
				VALIDATE_PRODUCT = YES;
			};
			name = Release;
		};
		944CF0C7146F00B500BE15BE /* Debug */ = {
			isa = XCBuildConfiguration;
			buildSettings = {
				GCC_PRECOMPILE_PREFIX_HEADER = YES;
				GCC_PREFIX_HEADER = "Calculator/Calculator-Prefix.pch";
				INFOPLIST_FILE = "Calculator/Calculator-Info.plist";
				PRODUCT_NAME = "$(TARGET_NAME)";
				WRAPPER_EXTENSION = app;
			};
			name = Debug;
		};
		944CF0C8146F00B500BE15BE /* Release */ = {
			isa = XCBuildConfiguration;
			buildSettings = {
				GCC_PRECOMPILE_PREFIX_HEADER = YES;
				GCC_PREFIX_HEADER = "Calculator/Calculator-Prefix.pch";
				INFOPLIST_FILE = "Calculator/Calculator-Info.plist";
				PRODUCT_NAME = "$(TARGET_NAME)";
				WRAPPER_EXTENSION = app;
			};
			name = Release;
		};
/* End XCBuildConfiguration section */

/* Begin XCConfigurationList section */
		944CF0A2146F00B500BE15BE /* Build configuration list for PBXProject "Calculator" */ = {
			isa = XCConfigurationList;
			buildConfigurations = (
				944CF0C4146F00B500BE15BE /* Debug */,
				944CF0C5146F00B500BE15BE /* Release */,
			);
			defaultConfigurationIsVisible = 0;
			defaultConfigurationName = Release;
		};
		944CF0C6146F00B500BE15BE /* Build configuration list for PBXNativeTarget "Calculator" */ = {
			isa = XCConfigurationList;
			buildConfigurations = (
				944CF0C7146F00B500BE15BE /* Debug */,
				944CF0C8146F00B500BE15BE /* Release */,
			);
			defaultConfigurationIsVisible = 0;
			defaultConfigurationName = Release;
		};
/* End XCConfigurationList section */
	};
	rootObject = 944CF09F146F00B400BE15BE /* Project object */;
}
